
Microsoft Visual Studio Solution File, Format Version 12.00
# Visual Studio 2013
VisualStudioVersion = 12.0.21005.1
MinimumVisualStudioVersion = 10.0.40219.1
Project("{8BC9CEB8-8B4A-11D0-8D11-00A0C91BC942}") = "10000", "10000\10000.vcxproj", "{1344657F-21C8-420B-AF37-C510C9E899C6}"
EndProject
Project("{8BC9CEB8-8B4A-11D0-8D11-00A0C91BC942}") = "11000", "11000\11000.vcxproj", "{BE42F69F-B9F3-4357-9B74-F6F455BF3D6B}"
EndProject
Project("{8BC9CEB8-8B4A-11D0-8D11-00A0C91BC942}") = "2000", "2000\2000.vcxproj", "{86D4021C-E439-4FD0-824F-704FDE21B6C7}"
EndProject
Project("{8BC9CEB8-8B4A-11D0-8D11-00A0C91BC942}") = "1000", "1000\1000.vcxproj", "{5059105A-B9E7-494A-8233-38F17C856226}"
EndProject
Project("{8BC9CEB8-8B4A-11D0-8D11-00A0C91BC942}") = "4000", "4000\4000.vcxproj", "{1A0DBC9F-C184-4CBA-A324-AB958BA9A809}"
EndProject
Project("{8BC9CEB8-8B4A-11D0-8D11-00A0C91BC942}") = "8000", "8000\8000.vcxproj", "{6ED18BB5-130A-46D0-92B0-B1431CEFEA0E}"
EndProject
Global
	GlobalSection(SolutionConfigurationPlatforms) = preSolution
		Debug|Win32 = Debug|Win32
		Release|Win32 = Release|Win32
	EndGlobalSection
	GlobalSection(ProjectConfigurationPlatforms) = postSolution
		{1344657F-21C8-420B-AF37-C510C9E899C6}.Debug|Win32.ActiveCfg = Debug|Win32
		{1344657F-21C8-420B-AF37-C510C9E899C6}.Debug|Win32.Build.0 = Debug|Win32
		{1344657F-21C8-420B-AF37-C510C9E899C6}.Release|Win32.ActiveCfg = Release|Win32
		{1344657F-21C8-420B-AF37-C510C9E899C6}.Release|Win32.Build.0 = Release|Win32
		{BE42F69F-B9F3-4357-9B74-F6F455BF3D6B}.Debug|Win32.ActiveCfg = Debug|Win32
		{BE42F69F-B9F3-4357-9B74-F6F455BF3D6B}.Debug|Win32.Build.0 = Debug|Win32
		{BE42F69F-B9F3-4357-9B74-F6F455BF3D6B}.Release|Win32.ActiveCfg = Release|Win32
		{BE42F69F-B9F3-4357-9B74-F6F455BF3D6B}.Release|Win32.Build.0 = Release|Win32
		{86D4021C-E439-4FD0-824F-704FDE21B6C7}.Debug|Win32.ActiveCfg = Debug|Win32
		{86D4021C-E439-4FD0-824F-704FDE21B6C7}.Debug|Win32.Build.0 = Debug|Win32
		{86D4021C-E439-4FD0-824F-704FDE21B6C7}.Release|Win32.ActiveCfg = Release|Win32
		{86D4021C-E439-4FD0-824F-704FDE21B6C7}.Release|Win32.Build.0 = Release|Win32
		{5059105A-B9E7-494A-8233-38F17C856226}.Debug|Win32.ActiveCfg = Debug|Win32
		{5059105A-B9E7-494A-8233-38F17C856226}.Debug|Win32.Build.0 = Debug|Win32
		{5059105A-B9E7-494A-8233-38F17C856226}.Release|Win32.ActiveCfg = Release|Win32
		{5059105A-B9E7-494A-8233-38F17C856226}.Release|Win32.Build.0 = Release|Win32
		{1A0DBC9F-C184-4CBA-A324-AB958BA9A809}.Debug|Win32.ActiveCfg = Debug|Win32
		{1A0DBC9F-C184-4CBA-A324-AB958BA9A809}.Debug|Win32.Build.0 = Debug|Win32
		{1A0DBC9F-C184-4CBA-A324-AB958BA9A809}.Release|Win32.ActiveCfg = Release|Win32
		{1A0DBC9F-C184-4CBA-A324-AB958BA9A809}.Release|Win32.Build.0 = Release|Win32
		{6ED18BB5-130A-46D0-92B0-B1431CEFEA0E}.Debug|Win32.ActiveCfg = Debug|Win32
		{6ED18BB5-130A-46D0-92B0-B1431CEFEA0E}.Debug|Win32.Build.0 = Debug|Win32
		{6ED18BB5-130A-46D0-92B0-B1431CEFEA0E}.Release|Win32.ActiveCfg = Release|Win32
		{6ED18BB5-130A-46D0-92B0-B1431CEFEA0E}.Release|Win32.Build.0 = Release|Win32
	EndGlobalSection
	GlobalSection(SolutionProperties) = preSolution
		HideSolutionNode = FALSE
	EndGlobalSection
EndGlobal
